// !$*UTF8*$!
{
	archiveVersion = 1;
	classes = {
	};
	objectVersion = 46;
	objects = {

/* Begin PBXBuildFile section */
		A6B7A1D11CD9B7FF0067EF69 /* main.m in Sources */ = {isa = PBXBuildFile; fileRef = A6B7A1D01CD9B7FF0067EF69 /* main.m */; };
		A6B7A1D41CD9B7FF0067EF69 /* AppDelegate.m in Sources */ = {isa = PBXBuildFile; fileRef = A6B7A1D31CD9B7FF0067EF69 /* AppDelegate.m */; };
		A6B7A1D71CD9B8000067EF69 /* ViewController.m in Sources */ = {isa = PBXBuildFile; fileRef = A6B7A1D61CD9B8000067EF69 /* ViewController.m */; };
		A6B7A1DA1CD9B8000067EF69 /* Main.storyboard in Resources */ = {isa = PBXBuildFile; fileRef = A6B7A1D81CD9B8000067EF69 /* Main.storyboard */; };
		A6B7A1DC1CD9B8010067EF69 /* Assets.xcassets in Resources */ = {isa = PBXBuildFile; fileRef = A6B7A1DB1CD9B8010067EF69 /* Assets.xcassets */; };
		A6B7A1DF1CD9B8010067EF69 /* LaunchScreen.storyboard in Resources */ = {isa = PBXBuildFile; fileRef = A6B7A1DD1CD9B8010067EF69 /* LaunchScreen.storyboard */; };
		A6B7A1EA1CD9B8010067EF69 /* UIBezierPathDemoTests.m in Sources */ = {isa = PBXBuildFile; fileRef = A6B7A1E91CD9B8010067EF69 /* UIBezierPathDemoTests.m */; };
		A6B7A1F51CD9B8010067EF69 /* UIBezierPathDemoUITests.m in Sources */ = {isa = PBXBuildFile; fileRef = A6B7A1F41CD9B8010067EF69 /* UIBezierPathDemoUITests.m */; };
		A6B7A2041CD9B82A0067EF69 /* DrawingBoard.m in Sources */ = {isa = PBXBuildFile; fileRef = A6B7A2031CD9B82A0067EF69 /* DrawingBoard.m */; };
/* End PBXBuildFile section */

/* Begin PBXContainerItemProxy section */
		A6B7A1E61CD9B8010067EF69 /* PBXContainerItemProxy */ = {
			isa = PBXContainerItemProxy;
			containerPortal = A6B7A1C41CD9B7FD0067EF69 /* Project object */;
			proxyType = 1;
			remoteGlobalIDString = A6B7A1CB1CD9B7FD0067EF69;
			remoteInfo = UIBezierPathDemo;
		};
		A6B7A1F11CD9B8010067EF69 /* PBXContainerItemProxy */ = {
			isa = PBXContainerItemProxy;
			containerPortal = A6B7A1C41CD9B7FD0067EF69 /* Project object */;
			proxyType = 1;
			remoteGlobalIDString = A6B7A1CB1CD9B7FD0067EF69;
			remoteInfo = UIBezierPathDemo;
		};
/* End PBXContainerItemProxy section */

/* Begin PBXFileReference section */
		A6B7A1CC1CD9B7FD0067EF69 /* UIBezierPathDemo.app */ = {isa = PBXFileReference; explicitFileType = wrapper.application; includeInIndex = 0; path = UIBezierPathDemo.app; sourceTree = BUILT_PRODUCTS_DIR; };
		A6B7A1D01CD9B7FF0067EF69 /* main.m */ = {isa = PBXFileReference; lastKnownFileType = sourcecode.c.objc; path = main.m; sourceTree = "<group>"; };
		A6B7A1D21CD9B7FF0067EF69 /* AppDelegate.h */ = {isa = PBXFileReference; lastKnownFileType = sourcecode.c.h; path = AppDelegate.h; sourceTree = "<group>"; };
		A6B7A1D31CD9B7FF0067EF69 /* AppDelegate.m */ = {isa = PBXFileReference; lastKnownFileType = sourcecode.c.objc; path = AppDelegate.m; sourceTree = "<group>"; };
		A6B7A1D51CD9B8000067EF69 /* ViewController.h */ = {isa = PBXFileReference; lastKnownFileType = sourcecode.c.h; path = ViewController.h; sourceTree = "<group>"; };
		A6B7A1D61CD9B8000067EF69 /* ViewController.m */ = {isa = PBXFileReference; lastKnownFileType = sourcecode.c.objc; path = ViewController.m; sourceTree = "<group>"; };
		A6B7A1D91CD9B8000067EF69 /* Base */ = {isa = PBXFileReference; lastKnownFileType = file.storyboard; name = Base; path = Base.lproj/Main.storyboard; sourceTree = "<group>"; };
		A6B7A1DB1CD9B8010067EF69 /* Assets.xcassets */ = {isa = PBXFileReference; lastKnownFileType = folder.assetcatalog; path = Assets.xcassets; sourceTree = "<group>"; };
		A6B7A1DE1CD9B8010067EF69 /* Base */ = {isa = PBXFileReference; lastKnownFileType = file.storyboard; name = Base; path = Base.lproj/LaunchScreen.storyboard; sourceTree = "<group>"; };
		A6B7A1E01CD9B8010067EF69 /* Info.plist */ = {isa = PBXFileReference; lastKnownFileType = text.plist.xml; path = Info.plist; sourceTree = "<group>"; };
		A6B7A1E51CD9B8010067EF69 /* UIBezierPathDemoTests.xctest */ = {isa = PBXFileReference; explicitFileType = wrapper.cfbundle; includeInIndex = 0; path = UIBezierPathDemoTests.xctest; sourceTree = BUILT_PRODUCTS_DIR; };
		A6B7A1E91CD9B8010067EF69 /* UIBezierPathDemoTests.m */ = {isa = PBXFileReference; lastKnownFileType = sourcecode.c.objc; path = UIBezierPathDemoTests.m; sourceTree = "<group>"; };
		A6B7A1EB1CD9B8010067EF69 /* Info.plist */ = {isa = PBXFileReference; lastKnownFileType = text.plist.xml; path = Info.plist; sourceTree = "<group>"; };
		A6B7A1F01CD9B8010067EF69 /* UIBezierPathDemoUITests.xctest */ = {isa = PBXFileReference; explicitFileType = wrapper.cfbundle; includeInIndex = 0; path = UIBezierPathDemoUITests.xctest; sourceTree = BUILT_PRODUCTS_DIR; };
		A6B7A1F41CD9B8010067EF69 /* UIBezierPathDemoUITests.m */ = {isa = PBXFileReference; lastKnownFileType = sourcecode.c.objc; path = UIBezierPathDemoUITests.m; sourceTree = "<group>"; };
		A6B7A1F61CD9B8020067EF69 /* Info.plist */ = {isa = PBXFileReference; lastKnownFileType = text.plist.xml; path = Info.plist; sourceTree = "<group>"; };
		A6B7A2021CD9B82A0067EF69 /* DrawingBoard.h */ = {isa = PBXFileReference; fileEncoding = 4; lastKnownFileType = sourcecode.c.h; path = DrawingBoard.h; sourceTree = "<group>"; };
		A6B7A2031CD9B82A0067EF69 /* DrawingBoard.m */ = {isa = PBXFileReference; fileEncoding = 4; lastKnownFileType = sourcecode.c.objc; path = DrawingBoard.m; sourceTree = "<group>"; };
/* End PBXFileReference section */

/* Begin PBXFrameworksBuildPhase section */
		A6B7A1C91CD9B7FD0067EF69 /* Frameworks */ = {
			isa = PBXFrameworksBuildPhase;
			buildActionMask = 2147483647;
			files = (
			);
			runOnlyForDeploymentPostprocessing = 0;
		};
		A6B7A1E21CD9B8010067EF69 /* Frameworks */ = {
			isa = PBXFrameworksBuildPhase;
			buildActionMask = 2147483647;
			files = (
			);
			runOnlyForDeploymentPostprocessing = 0;
		};
		A6B7A1ED1CD9B8010067EF69 /* Frameworks */ = {
			isa = PBXFrameworksBuildPhase;
			buildActionMask = 2147483647;
			files = (
			);
			runOnlyForDeploymentPostprocessing = 0;
		};
/* End PBXFrameworksBuildPhase section */

/* Begin PBXGroup section */
		A6B7A1C31CD9B7FD0067EF69 = {
			isa = PBXGroup;
			children = (
				A6B7A1CE1CD9B7FE0067EF69 /* UIBezierPathDemo */,
				A6B7A1E81CD9B8010067EF69 /* UIBezierPathDemoTests */,
				A6B7A1F31CD9B8010067EF69 /* UIBezierPathDemoUITests */,
				A6B7A1CD1CD9B7FD0067EF69 /* Products */,
			);
			sourceTree = "<group>";
		};
		A6B7A1CD1CD9B7FD0067EF69 /* Products */ = {
			isa = PBXGroup;
			children = (
				A6B7A1CC1CD9B7FD0067EF69 /* UIBezierPathDemo.app */,
				A6B7A1E51CD9B8010067EF69 /* UIBezierPathDemoTests.xctest */,
				A6B7A1F01CD9B8010067EF69 /* UIBezierPathDemoUITests.xctest */,
			);
			name = Products;
			sourceTree = "<group>";
		};
		A6B7A1CE1CD9B7FE0067EF69 /* UIBezierPathDemo */ = {
			isa = PBXGroup;
			children = (
				A6B7A1D21CD9B7FF0067EF69 /* AppDelegate.h */,
				A6B7A1D31CD9B7FF0067EF69 /* AppDelegate.m */,
				A6B7A1D51CD9B8000067EF69 /* ViewController.h */,
				A6B7A1D61CD9B8000067EF69 /* ViewController.m */,
				A6B7A2021CD9B82A0067EF69 /* DrawingBoard.h */,
				A6B7A2031CD9B82A0067EF69 /* DrawingBoard.m */,
				A6B7A1D81CD9B8000067EF69 /* Main.storyboard */,
				A6B7A1DB1CD9B8010067EF69 /* Assets.xcassets */,
				A6B7A1DD1CD9B8010067EF69 /* LaunchScreen.storyboard */,
				A6B7A1E01CD9B8010067EF69 /* Info.plist */,
				A6B7A1CF1CD9B7FE0067EF69 /* Supporting Files */,
			);
			path = UIBezierPathDemo;
			sourceTree = "<group>";
		};
		A6B7A1CF1CD9B7FE0067EF69 /* Supporting Files */ = {
			isa = PBXGroup;
			children = (
				A6B7A1D01CD9B7FF0067EF69 /* main.m */,
			);
			name = "Supporting Files";
			sourceTree = "<group>";
		};
		A6B7A1E81CD9B8010067EF69 /* UIBezierPathDemoTests */ = {
			isa = PBXGroup;
			children = (
				A6B7A1E91CD9B8010067EF69 /* UIBezierPathDemoTests.m */,
				A6B7A1EB1CD9B8010067EF69 /* Info.plist */,
			);
			path = UIBezierPathDemoTests;
			sourceTree = "<group>";
		};
		A6B7A1F31CD9B8010067EF69 /* UIBezierPathDemoUITests */ = {
			isa = PBXGroup;
			children = (
				A6B7A1F41CD9B8010067EF69 /* UIBezierPathDemoUITests.m */,
				A6B7A1F61CD9B8020067EF69 /* Info.plist */,
			);
			path = UIBezierPathDemoUITests;
			sourceTree = "<group>";
		};
/* End PBXGroup section */

/* Begin PBXNativeTarget section */
		A6B7A1CB1CD9B7FD0067EF69 /* UIBezierPathDemo */ = {
			isa = PBXNativeTarget;
			buildConfigurationList = A6B7A1F91CD9B8020067EF69 /* Build configuration list for PBXNativeTarget "UIBezierPathDemo" */;
			buildPhases = (
				A6B7A1C81CD9B7FD0067EF69 /* Sources */,
				A6B7A1C91CD9B7FD0067EF69 /* Frameworks */,
				A6B7A1CA1CD9B7FD0067EF69 /* Resources */,
			);
			buildRules = (
			);
			dependencies = (
			);
			name = UIBezierPathDemo;
			productName = UIBezierPathDemo;
			productReference = A6B7A1CC1CD9B7FD0067EF69 /* UIBezierPathDemo.app */;
			productType = "com.apple.product-type.application";
		};
		A6B7A1E41CD9B8010067EF69 /* UIBezierPathDemoTests */ = {
			isa = PBXNativeTarget;
			buildConfigurationList = A6B7A1FC1CD9B8020067EF69 /* Build configuration list for PBXNativeTarget "UIBezierPathDemoTests" */;
			buildPhases = (
				A6B7A1E11CD9B8010067EF69 /* Sources */,
				A6B7A1E21CD9B8010067EF69 /* Frameworks */,
				A6B7A1E31CD9B8010067EF69 /* Resources */,
			);
			buildRules = (
			);
			dependencies = (
				A6B7A1E71CD9B8010067EF69 /* PBXTargetDependency */,
			);
			name = UIBezierPathDemoTests;
			productName = UIBezierPathDemoTests;
			productReference = A6B7A1E51CD9B8010067EF69 /* UIBezierPathDemoTests.xctest */;
			productType = "com.apple.product-type.bundle.unit-test";
		};
		A6B7A1EF1CD9B8010067EF69 /* UIBezierPathDemoUITests */ = {
			isa = PBXNativeTarget;
			buildConfigurationList = A6B7A1FF1CD9B8020067EF69 /* Build configuration list for PBXNativeTarget "UIBezierPathDemoUITests" */;
			buildPhases = (
				A6B7A1EC1CD9B8010067EF69 /* Sources */,
				A6B7A1ED1CD9B8010067EF69 /* Frameworks */,
				A6B7A1EE1CD9B8010067EF69 /* Resources */,
			);
			buildRules = (
			);
			dependencies = (
				A6B7A1F21CD9B8010067EF69 /* PBXTargetDependency */,
			);
			name = UIBezierPathDemoUITests;
			productName = UIBezierPathDemoUITests;
			productReference = A6B7A1F01CD9B8010067EF69 /* UIBezierPathDemoUITests.xctest */;
			productType = "com.apple.product-type.bundle.ui-testing";
		};
/* End PBXNativeTarget section */

/* Begin PBXProject section */
		A6B7A1C41CD9B7FD0067EF69 /* Project object */ = {
			isa = PBXProject;
			attributes = {
				LastUpgradeCheck = 0730;
				ORGANIZATIONNAME = "千里之行始于足下";
				TargetAttributes = {
					A6B7A1CB1CD9B7FD0067EF69 = {
						CreatedOnToolsVersion = 7.3;
					};
					A6B7A1E41CD9B8010067EF69 = {
						CreatedOnToolsVersion = 7.3;
						DevelopmentTeam = A8KFV64EKE;
						TestTargetID = A6B7A1CB1CD9B7FD0067EF69;
					};
					A6B7A1EF1CD9B8010067EF69 = {
						CreatedOnToolsVersion = 7.3;
						DevelopmentTeam = A8KFV64EKE;
						TestTargetID = A6B7A1CB1CD9B7FD0067EF69;
					};
				};
			};
			buildConfigurationList = A6B7A1C71CD9B7FD0067EF69 /* Build configuration list for PBXProject "UIBezierPathDemo" */;
			compatibilityVersion = "Xcode 3.2";
			developmentRegion = English;
			hasScannedForEncodings = 0;
			knownRegions = (
				en,
				Base,
			);
			mainGroup = A6B7A1C31CD9B7FD0067EF69;
			productRefGroup = A6B7A1CD1CD9B7FD0067EF69 /* Products */;
			projectDirPath = "";
			projectRoot = "";
			targets = (
				A6B7A1CB1CD9B7FD0067EF69 /* UIBezierPathDemo */,
				A6B7A1E41CD9B8010067EF69 /* UIBezierPathDemoTests */,
				A6B7A1EF1CD9B8010067EF69 /* UIBezierPathDemoUITests */,
			);
		};
/* End PBXProject section */

/* Begin PBXResourcesBuildPhase section */
		A6B7A1CA1CD9B7FD0067EF69 /* Resources */ = {
			isa = PBXResourcesBuildPhase;
			buildActionMask = 2147483647;
			files = (
				A6B7A1DF1CD9B8010067EF69 /* LaunchScreen.storyboard in Resources */,
				A6B7A1DC1CD9B8010067EF69 /* Assets.xcassets in Resources */,
				A6B7A1DA1CD9B8000067EF69 /* Main.storyboard in Resources */,
			);
			runOnlyForDeploymentPostprocessing = 0;
		};
		A6B7A1E31CD9B8010067EF69 /* Resources */ = {
			isa = PBXResourcesBuildPhase;
			buildActionMask = 2147483647;
			files = (
			);
			runOnlyForDeploymentPostprocessing = 0;
		};
		A6B7A1EE1CD9B8010067EF69 /* Resources */ = {
			isa = PBXResourcesBuildPhase;
			buildActionMask = 2147483647;
			files = (
			);
			runOnlyForDeploymentPostprocessing = 0;
		};
/* End PBXResourcesBuildPhase section */

/* Begin PBXSourcesBuildPhase section */
		A6B7A1C81CD9B7FD0067EF69 /* Sources */ = {
			isa = PBXSourcesBuildPhase;
			buildActionMask = 2147483647;
			files = (
				A6B7A1D71CD9B8000067EF69 /* ViewController.m in Sources */,
				A6B7A2041CD9B82A0067EF69 /* DrawingBoard.m in Sources */,
				A6B7A1D41CD9B7FF0067EF69 /* AppDelegate.m in Sources */,
				A6B7A1D11CD9B7FF0067EF69 /* main.m in Sources */,
			);
			runOnlyForDeploymentPostprocessing = 0;
		};
		A6B7A1E11CD9B8010067EF69 /* Sources */ = {
			isa = PBXSourcesBuildPhase;
			buildActionMask = 2147483647;
			files = (
				A6B7A1EA1CD9B8010067EF69 /* UIBezierPathDemoTests.m in Sources */,
			);
			runOnlyForDeploymentPostprocessing = 0;
		};
		A6B7A1EC1CD9B8010067EF69 /* Sources */ = {
			isa = PBXSourcesBuildPhase;
			buildActionMask = 2147483647;
			files = (
				A6B7A1F51CD9B8010067EF69 /* UIBezierPathDemoUITests.m in Sources */,
			);
			runOnlyForDeploymentPostprocessing = 0;
		};
/* End PBXSourcesBuildPhase section */

/* Begin PBXTargetDependency section */
		A6B7A1E71CD9B8010067EF69 /* PBXTargetDependency */ = {
			isa = PBXTargetDependency;
			target = A6B7A1CB1CD9B7FD0067EF69 /* UIBezierPathDemo */;
			targetProxy = A6B7A1E61CD9B8010067EF69 /* PBXContainerItemProxy */;
		};
		A6B7A1F21CD9B8010067EF69 /* PBXTargetDependency */ = {
			isa = PBXTargetDependency;
			target = A6B7A1CB1CD9B7FD0067EF69 /* UIBezierPathDemo */;
			targetProxy = A6B7A1F11CD9B8010067EF69 /* PBXContainerItemProxy */;
		};
/* End PBXTargetDependency section */

/* Begin PBXVariantGroup section */
		A6B7A1D81CD9B8000067EF69 /* Main.storyboard */ = {
			isa = PBXVariantGroup;
			children = (
				A6B7A1D91CD9B8000067EF69 /* Base */,
			);
			name = Main.storyboard;
			sourceTree = "<group>";
		};
		A6B7A1DD1CD9B8010067EF69 /* LaunchScreen.storyboard */ = {
			isa = PBXVariantGroup;
			children = (
				A6B7A1DE1CD9B8010067EF69 /* Base */,
			);
			name = LaunchScreen.storyboard;
			sourceTree = "<group>";
		};
/* End PBXVariantGroup section */

/* Begin XCBuildConfiguration section */
		A6B7A1F71CD9B8020067EF69 /* Debug */ = {
			isa = XCBuildConfiguration;
			buildSettings = {
				ALWAYS_SEARCH_USER_PATHS = NO;
				CLANG_ANALYZER_NONNULL = YES;
				CLANG_CXX_LANGUAGE_STANDARD = "gnu++0x";
				CLANG_CXX_LIBRARY = "libc++";
				CLANG_ENABLE_MODULES = YES;
				CLANG_ENABLE_OBJC_ARC = YES;
				CLANG_WARN_BOOL_CONVERSION = YES;
				CLANG_WARN_CONSTANT_CONVERSION = YES;
				CLANG_WARN_DIRECT_OBJC_ISA_USAGE = YES_ERROR;
				CLANG_WARN_EMPTY_BODY = YES;
				CLANG_WARN_ENUM_CONVERSION = YES;
				CLANG_WARN_INT_CONVERSION = YES;
				CLANG_WARN_OBJC_ROOT_CLASS = YES_ERROR;
				CLANG_WARN_UNREACHABLE_CODE = YES;
				CLANG_WARN__DUPLICATE_METHOD_MATCH = YES;
				"CODE_SIGN_IDENTITY[sdk=iphoneos*]" = "iPhone Developer";
				COPY_PHASE_STRIP = NO;
				DEBUG_INFORMATION_FORMAT = dwarf;
				ENABLE_STRICT_OBJC_MSGSEND = YES;
				ENABLE_TESTABILITY = YES;
				GCC_C_LANGUAGE_STANDARD = gnu99;
				GCC_DYNAMIC_NO_PIC = NO;
				GCC_NO_COMMON_BLOCKS = YES;
				GCC_OPTIMIZATION_LEVEL = 0;
				GCC_PREPROCESSOR_DEFINITIONS = (
					"DEBUG=1",
					"$(inherited)",
				);
				GCC_WARN_64_TO_32_BIT_CONVERSION = YES;
				GCC_WARN_ABOUT_RETURN_TYPE = YES_ERROR;
				GCC_WARN_UNDECLARED_SELECTOR = YES;
				GCC_WARN_UNINITIALIZED_AUTOS = YES_AGGRESSIVE;
				GCC_WARN_UNUSED_FUNCTION = YES;
				GCC_WARN_UNUSED_VARIABLE = YES;
				IPHONEOS_DEPLOYMENT_TARGET = 9.3;
				MTL_ENABLE_DEBUG_INFO = YES;
				ONLY_ACTIVE_ARCH = YES;
				SDKROOT = iphoneos;
				TARGETED_DEVICE_FAMILY = "1,2";
			};
			name = Debug;
		};
		A6B7A1F81CD9B8020067EF69 /* Release */ = {
			isa = XCBuildConfiguration;
			buildSettings = {
				ALWAYS_SEARCH_USER_PATHS = NO;
				CLANG_ANALYZER_NONNULL = YES;
				CLANG_CXX_LANGUAGE_STANDARD = "gnu++0x";
				CLANG_CXX_LIBRARY = "libc++";
				CLANG_ENABLE_MODULES = YES;
				CLANG_ENABLE_OBJC_ARC = YES;
				CLANG_WARN_BOOL_CONVERSION = YES;
				CLANG_WARN_CONSTANT_CONVERSION = YES;
				CLANG_WARN_DIRECT_OBJC_ISA_USAGE = YES_ERROR;
				CLANG_WARN_EMPTY_BODY = YES;
				CLANG_WARN_ENUM_CONVERSION = YES;
				CLANG_WARN_INT_CONVERSION = YES;
				CLANG_WARN_OBJC_ROOT_CLASS = YES_ERROR;
				CLANG_WARN_UNREACHABLE_CODE = YES;
				CLANG_WARN__DUPLICATE_METHOD_MATCH = YES;
				"CODE_SIGN_IDENTITY[sdk=iphoneos*]" = "iPhone Developer";
				COPY_PHASE_STRIP = NO;
				DEBUG_INFORMATION_FORMAT = "dwarf-with-dsym";
				ENABLE_NS_ASSERTIONS = NO;
				ENABLE_STRICT_OBJC_MSGSEND = YES;
				GCC_C_LANGUAGE_STANDARD = gnu99;
				GCC_NO_COMMON_BLOCKS = YES;
				GCC_WARN_64_TO_32_BIT_CONVERSION = YES;
				GCC_WARN_ABOUT_RETURN_TYPE = YES_ERROR;
				GCC_WARN_UNDECLARED_SELECTOR = YES;
				GCC_WARN_UNINITIALIZED_AUTOS = YES_AGGRESSIVE;
				GCC_WARN_UNUSED_FUNCTION = YES;
				GCC_WARN_UNUSED_VARIABLE = YES;
				IPHONEOS_DEPLOYMENT_TARGET = 9.3;
				MTL_ENABLE_DEBUG_INFO = NO;
				SDKROOT = iphoneos;
				TARGETED_DEVICE_FAMILY = "1,2";
				VALIDATE_PRODUCT = YES;
			};
			name = Release;
		};
		A6B7A1FA1CD9B8020067EF69 /* Debug */ = {
			isa = XCBuildConfiguration;
			buildSettings = {
				ASSETCATALOG_COMPILER_APPICON_NAME = AppIcon;
				CODE_SIGN_IDENTITY = "iPhone Developer";
				INFOPLIST_FILE = UIBezierPathDemo/Info.plist;
				IPHONEOS_DEPLOYMENT_TARGET = 8.0;
				LD_RUNPATH_SEARCH_PATHS = "$(inherited) @executable_path/Frameworks";
				PRODUCT_BUNDLE_IDENTIFIER = lcy.UIBezierPathDemo;
				PRODUCT_NAME = "$(TARGET_NAME)";
			};
			name = Debug;
		};
		A6B7A1FB1CD9B8020067EF69 /* Release */ = {
			isa = XCBuildConfiguration;
			buildSettings = {
				ASSETCATALOG_COMPILER_APPICON_NAME = AppIcon;
				CODE_SIGN_IDENTITY = "iPhone Developer";
				INFOPLIST_FILE = UIBezierPathDemo/Info.plist;
				IPHONEOS_DEPLOYMENT_TARGET = 8.0;
				LD_RUNPATH_SEARCH_PATHS = "$(inherited) @executable_path/Frameworks";
				PRODUCT_BUNDLE_IDENTIFIER = lcy.UIBezierPathDemo;
				PRODUCT_NAME = "$(TARGET_NAME)";
			};
			name = Release;
		};
		A6B7A1FD1CD9B8020067EF69 /* Debug */ = {
			isa = XCBuildConfiguration;
			buildSettings = {
				BUNDLE_LOADER = "$(TEST_HOST)";
				INFOPLIST_FILE = UIBezierPathDemoTests/Info.plist;
				LD_RUNPATH_SEARCH_PATHS = "$(inherited) @executable_path/Frameworks @loader_path/Frameworks";
				PRODUCT_BUNDLE_IDENTIFIER = lcy.UIBezierPathDemoTests;
				PRODUCT_NAME = "$(TARGET_NAME)";
				TEST_HOST = "$(BUILT_PRODUCTS_DIR)/UIBezierPathDemo.app/UIBezierPathDemo";
			};
			name = Debug;
		};
		A6B7A1FE1CD9B8020067EF69 /* Release */ = {
			isa = XCBuildConfiguration;
			buildSettings = {
				BUNDLE_LOADER = "$(TEST_HOST)";
				INFOPLIST_FILE = UIBezierPathDemoTests/Info.plist;
				LD_RUNPATH_SEARCH_PATHS = "$(inherited) @executable_path/Frameworks @loader_path/Frameworks";
				PRODUCT_BUNDLE_IDENTIFIER = lcy.UIBezierPathDemoTests;
				PRODUCT_NAME = "$(TARGET_NAME)";
				TEST_HOST = "$(BUILT_PRODUCTS_DIR)/UIBezierPathDemo.app/UIBezierPathDemo";
			};
			name = Release;
		};
		A6B7A2001CD9B8020067EF69 /* Debug */ = {
			isa = XCBuildConfiguration;
			buildSettings = {
				INFOPLIST_FILE = UIBezierPathDemoUITests/Info.plist;
				LD_RUNPATH_SEARCH_PATHS = "$(inherited) @executable_path/Frameworks @loader_path/Frameworks";
				PRODUCT_BUNDLE_IDENTIFIER = lcy.UIBezierPathDemoUITests;
				PRODUCT_NAME = "$(TARGET_NAME)";
				TEST_TARGET_NAME = UIBezierPathDemo;
			};
			name = Debug;
		};
		A6B7A2011CD9B8020067EF69 /* Release */ = {
			isa = XCBuildConfiguration;
			buildSettings = {
				INFOPLIST_FILE = UIBezierPathDemoUITests/Info.plist;
				LD_RUNPATH_SEARCH_PATHS = "$(inherited) @executable_path/Frameworks @loader_path/Frameworks";
				PRODUCT_BUNDLE_IDENTIFIER = lcy.UIBezierPathDemoUITests;
				PRODUCT_NAME = "$(TARGET_NAME)";
				TEST_TARGET_NAME = UIBezierPathDemo;
			};
			name = Release;
		};
/* End XCBuildConfiguration section */

/* Begin XCConfigurationList section */
		A6B7A1C71CD9B7FD0067EF69 /* Build configuration list for PBXProject "UIBezierPathDemo" */ = {
			isa = XCConfigurationList;
			buildConfigurations = (
				A6B7A1F71CD9B8020067EF69 /* Debug */,
				A6B7A1F81CD9B8020067EF69 /* Release */,
			);
			defaultConfigurationIsVisible = 0;
			defaultConfigurationName = Release;
		};
		A6B7A1F91CD9B8020067EF69 /* Build configuration list for PBXNativeTarget "UIBezierPathDemo" */ = {
			isa = XCConfigurationList;
			buildConfigurations = (
				A6B7A1FA1CD9B8020067EF69 /* Debug */,
				A6B7A1FB1CD9B8020067EF69 /* Release */,
			);
			defaultConfigurationIsVisible = 0;
		};
		A6B7A1FC1CD9B8020067EF69 /* Build configuration list for PBXNativeTarget "UIBezierPathDemoTests" */ = {
			isa = XCConfigurationList;
			buildConfigurations = (
				A6B7A1FD1CD9B8020067EF69 /* Debug */,
				A6B7A1FE1CD9B8020067EF69 /* Release */,
			);
			defaultConfigurationIsVisible = 0;
		};
		A6B7A1FF1CD9B8020067EF69 /* Build configuration list for PBXNativeTarget "UIBezierPathDemoUITests" */ = {
			isa = XCConfigurationList;
			buildConfigurations = (
				A6B7A2001CD9B8020067EF69 /* Debug */,
				A6B7A2011CD9B8020067EF69 /* Release */,
			);
			defaultConfigurationIsVisible = 0;
		};
/* End XCConfigurationList section */
	};
	rootObject = A6B7A1C41CD9B7FD0067EF69 /* Project object */;
}
